
Microsoft Visual Studio Solution File, Format Version 12.00
# Visual Studio 15
VisualStudioVersion = 15.0.27130.2036
MinimumVisualStudioVersion = 10.0.40219.1
Project("{FAE04EC0-301F-11D3-BF4B-00C04F79EFBC}") = "Frontend.iOS", "Frontend\Frontend.iOS\Frontend.iOS.csproj", "{49E2C204-5BB9-48D4-971E-D2F2FA2E730B}"
EndProject
Project("{9A19103F-16F7-4668-BE54-9A1E7A4F7556}") = "Frontend.Core", "Frontend\Frontend.Core\Frontend.Core.csproj", "{EA873F85-0970-4D7E-BA1E-B7BB0C2039F9}"
EndProject
Project("{9A19103F-16F7-4668-BE54-9A1E7A4F7556}") = "Frontend.Services", "Frontend\Frontend.Services\Frontend.Services.csproj", "{7C2D8470-A07E-4B02-A99D-CAE92437C7C8}"
EndProject
Project("{9A19103F-16F7-4668-BE54-9A1E7A4F7556}") = "Frontend.IServices", "Frontend\Frontend.IServices\Frontend.IServices.csproj", "{093693C1-07FC-4165-AF10-00F3DF584613}"
EndProject
Project("{2150E333-8FDC-42A3-9474-1A3956D46DE8}") = "01-Xamarin", "01-Xamarin", "{B284CC8E-7773-48E3-9070-438CD5E1676D}"
EndProject
Project("{2150E333-8FDC-42A3-9474-1A3956D46DE8}") = "02-Domain", "02-Domain", "{A148352B-ABF5-4843-B207-832E1D713231}"
EndProject
Project("{2150E333-8FDC-42A3-9474-1A3956D46DE8}") = "03-Integration", "03-Integration", "{5F3204D3-CEBC-4E63-A223-3F17BCB53CF2}"
EndProject
Project("{9A19103F-16F7-4668-BE54-9A1E7A4F7556}") = "Frontend.WebApi", "Frontend.WebApi\Frontend.WebApi.csproj", "{B0E2FB75-06DD-42EA-9BAD-8E78ABDB8A7D}"
	ProjectSection(ProjectDependencies) = postProject
		{8B60304C-C123-4259-BCB0-4709C3556C06} = {8B60304C-C123-4259-BCB0-4709C3556C06}
		{4638C36B-9690-47DA-99CD-367BAB0943FD} = {4638C36B-9690-47DA-99CD-367BAB0943FD}
		{093693C1-07FC-4165-AF10-00F3DF584613} = {093693C1-07FC-4165-AF10-00F3DF584613}
	EndProjectSection
EndProject
Project("{9A19103F-16F7-4668-BE54-9A1E7A4F7556}") = "Frontend.Data", "Frontend.Data\Frontend.Data.csproj", "{F39C3344-9482-46B9-814B-A07351B12BCA}"
EndProject
Project("{9A19103F-16F7-4668-BE54-9A1E7A4F7556}") = "Frontend.Business", "Frontend.Entities\Frontend.Business.csproj", "{4638C36B-9690-47DA-99CD-367BAB0943FD}"
EndProject
Project("{2150E333-8FDC-42A3-9474-1A3956D46DE8}") = "04-Commons", "04-Commons", "{F4668A1A-E9C0-4837-ACD6-70BEAA0E250D}"
EndProject
Project("{9A19103F-16F7-4668-BE54-9A1E7A4F7556}") = "Frontend.Commons", "Frontend.Commons\Frontend.Commons.csproj", "{8B60304C-C123-4259-BCB0-4709C3556C06}"
EndProject
Project("{FAE04EC0-301F-11D3-BF4B-00C04F79EFBC}") = "Frontend.Android", "Frontend\Frontend.Android\Frontend.Android.csproj", "{BA08F275-F9A5-4D4D-9766-7C75E4E42259}"
EndProject
Project("{9A19103F-16F7-4668-BE54-9A1E7A4F7556}") = "Frontend.Azure", "Frontend.Azure\Frontend.Azure.csproj", "{5C1B5BDD-1DEF-47FE-BB35-A7D3248CE034}"
EndProject
Project("{9A19103F-16F7-4668-BE54-9A1E7A4F7556}") = "Frontend.Bootstrapper", "Frontend.Bootstrapper\Frontend.Bootstrapper.csproj", "{7DD4C5FE-E1F5-47EC-92FA-A715552FC50B}"
EndProject
Global
	GlobalSection(SolutionConfigurationPlatforms) = preSolution
		Ad-Hoc|Any CPU = Ad-Hoc|Any CPU
		Ad-Hoc|iPhone = Ad-Hoc|iPhone
		Ad-Hoc|iPhoneSimulator = Ad-Hoc|iPhoneSimulator
		AppStore|Any CPU = AppStore|Any CPU
		AppStore|iPhone = AppStore|iPhone
		AppStore|iPhoneSimulator = AppStore|iPhoneSimulator
		Debug|Any CPU = Debug|Any CPU
		Debug|iPhone = Debug|iPhone
		Debug|iPhoneSimulator = Debug|iPhoneSimulator
		Release|Any CPU = Release|Any CPU
		Release|iPhone = Release|iPhone
		Release|iPhoneSimulator = Release|iPhoneSimulator
	EndGlobalSection
	GlobalSection(ProjectConfigurationPlatforms) = postSolution
		{49E2C204-5BB9-48D4-971E-D2F2FA2E730B}.Ad-Hoc|Any CPU.ActiveCfg = Ad-Hoc|iPhone
		{49E2C204-5BB9-48D4-971E-D2F2FA2E730B}.Ad-Hoc|iPhone.ActiveCfg = Ad-Hoc|iPhone
		{49E2C204-5BB9-48D4-971E-D2F2FA2E730B}.Ad-Hoc|iPhone.Build.0 = Ad-Hoc|iPhone
		{49E2C204-5BB9-48D4-971E-D2F2FA2E730B}.Ad-Hoc|iPhoneSimulator.ActiveCfg = Ad-Hoc|iPhoneSimulator
		{49E2C204-5BB9-48D4-971E-D2F2FA2E730B}.Ad-Hoc|iPhoneSimulator.Build.0 = Ad-Hoc|iPhoneSimulator
		{49E2C204-5BB9-48D4-971E-D2F2FA2E730B}.AppStore|Any CPU.ActiveCfg = AppStore|iPhone
		{49E2C204-5BB9-48D4-971E-D2F2FA2E730B}.AppStore|iPhone.ActiveCfg = AppStore|iPhone
		{49E2C204-5BB9-48D4-971E-D2F2FA2E730B}.AppStore|iPhone.Build.0 = AppStore|iPhone
		{49E2C204-5BB9-48D4-971E-D2F2FA2E730B}.AppStore|iPhoneSimulator.ActiveCfg = AppStore|iPhoneSimulator
		{49E2C204-5BB9-48D4-971E-D2F2FA2E730B}.AppStore|iPhoneSimulator.Build.0 = AppStore|iPhoneSimulator
		{49E2C204-5BB9-48D4-971E-D2F2FA2E730B}.Debug|Any CPU.ActiveCfg = Debug|iPhone
		{49E2C204-5BB9-48D4-971E-D2F2FA2E730B}.Debug|iPhone.ActiveCfg = Debug|iPhoneSimulator
		{49E2C204-5BB9-48D4-971E-D2F2FA2E730B}.Debug|iPhone.Build.0 = Debug|iPhoneSimulator
		{49E2C204-5BB9-48D4-971E-D2F2FA2E730B}.Debug|iPhoneSimulator.ActiveCfg = Debug|iPhoneSimulator
		{49E2C204-5BB9-48D4-971E-D2F2FA2E730B}.Debug|iPhoneSimulator.Build.0 = Debug|iPhoneSimulator
		{49E2C204-5BB9-48D4-971E-D2F2FA2E730B}.Release|Any CPU.ActiveCfg = Release|iPhone
		{49E2C204-5BB9-48D4-971E-D2F2FA2E730B}.Release|iPhone.ActiveCfg = Release|iPhone
		{49E2C204-5BB9-48D4-971E-D2F2FA2E730B}.Release|iPhone.Build.0 = Release|iPhone
		{49E2C204-5BB9-48D4-971E-D2F2FA2E730B}.Release|iPhoneSimulator.ActiveCfg = Release|iPhoneSimulator
		{49E2C204-5BB9-48D4-971E-D2F2FA2E730B}.Release|iPhoneSimulator.Build.0 = Release|iPhoneSimulator
		{EA873F85-0970-4D7E-BA1E-B7BB0C2039F9}.Ad-Hoc|Any CPU.ActiveCfg = Release|Any CPU
		{EA873F85-0970-4D7E-BA1E-B7BB0C2039F9}.Ad-Hoc|Any CPU.Build.0 = Release|Any CPU
		{EA873F85-0970-4D7E-BA1E-B7BB0C2039F9}.Ad-Hoc|iPhone.ActiveCfg = Release|Any CPU
		{EA873F85-0970-4D7E-BA1E-B7BB0C2039F9}.Ad-Hoc|iPhone.Build.0 = Release|Any CPU
		{EA873F85-0970-4D7E-BA1E-B7BB0C2039F9}.Ad-Hoc|iPhoneSimulator.ActiveCfg = Release|Any CPU
		{EA873F85-0970-4D7E-BA1E-B7BB0C2039F9}.Ad-Hoc|iPhoneSimulator.Build.0 = Release|Any CPU
		{EA873F85-0970-4D7E-BA1E-B7BB0C2039F9}.AppStore|Any CPU.ActiveCfg = Release|Any CPU
		{EA873F85-0970-4D7E-BA1E-B7BB0C2039F9}.AppStore|Any CPU.Build.0 = Release|Any CPU
		{EA873F85-0970-4D7E-BA1E-B7BB0C2039F9}.AppStore|iPhone.ActiveCfg = Release|Any CPU
		{EA873F85-0970-4D7E-BA1E-B7BB0C2039F9}.AppStore|iPhone.Build.0 = Release|Any CPU
		{EA873F85-0970-4D7E-BA1E-B7BB0C2039F9}.AppStore|iPhoneSimulator.ActiveCfg = Release|Any CPU
		{EA873F85-0970-4D7E-BA1E-B7BB0C2039F9}.AppStore|iPhoneSimulator.Build.0 = Release|Any CPU
		{EA873F85-0970-4D7E-BA1E-B7BB0C2039F9}.Debug|Any CPU.ActiveCfg = Debug|Any CPU
		{EA873F85-0970-4D7E-BA1E-B7BB0C2039F9}.Debug|Any CPU.Build.0 = Debug|Any CPU
		{EA873F85-0970-4D7E-BA1E-B7BB0C2039F9}.Debug|iPhone.ActiveCfg = Debug|Any CPU
		{EA873F85-0970-4D7E-BA1E-B7BB0C2039F9}.Debug|iPhone.Build.0 = Debug|Any CPU
		{EA873F85-0970-4D7E-BA1E-B7BB0C2039F9}.Debug|iPhoneSimulator.ActiveCfg = Debug|Any CPU
		{EA873F85-0970-4D7E-BA1E-B7BB0C2039F9}.Debug|iPhoneSimulator.Build.0 = Debug|Any CPU
		{EA873F85-0970-4D7E-BA1E-B7BB0C2039F9}.Release|Any CPU.ActiveCfg = Release|Any CPU
		{EA873F85-0970-4D7E-BA1E-B7BB0C2039F9}.Release|Any CPU.Build.0 = Release|Any CPU
		{EA873F85-0970-4D7E-BA1E-B7BB0C2039F9}.Release|iPhone.ActiveCfg = Release|Any CPU
		{EA873F85-0970-4D7E-BA1E-B7BB0C2039F9}.Release|iPhone.Build.0 = Release|Any CPU
		{EA873F85-0970-4D7E-BA1E-B7BB0C2039F9}.Release|iPhoneSimulator.ActiveCfg = Release|Any CPU
		{EA873F85-0970-4D7E-BA1E-B7BB0C2039F9}.Release|iPhoneSimulator.Build.0 = Release|Any CPU
		{7C2D8470-A07E-4B02-A99D-CAE92437C7C8}.Ad-Hoc|Any CPU.ActiveCfg = Release|Any CPU
		{7C2D8470-A07E-4B02-A99D-CAE92437C7C8}.Ad-Hoc|Any CPU.Build.0 = Release|Any CPU
		{7C2D8470-A07E-4B02-A99D-CAE92437C7C8}.Ad-Hoc|iPhone.ActiveCfg = Release|Any CPU
		{7C2D8470-A07E-4B02-A99D-CAE92437C7C8}.Ad-Hoc|iPhone.Build.0 = Release|Any CPU
		{7C2D8470-A07E-4B02-A99D-CAE92437C7C8}.Ad-Hoc|iPhoneSimulator.ActiveCfg = Release|Any CPU
		{7C2D8470-A07E-4B02-A99D-CAE92437C7C8}.Ad-Hoc|iPhoneSimulator.Build.0 = Release|Any CPU
		{7C2D8470-A07E-4B02-A99D-CAE92437C7C8}.AppStore|Any CPU.ActiveCfg = Release|Any CPU
		{7C2D8470-A07E-4B02-A99D-CAE92437C7C8}.AppStore|Any CPU.Build.0 = Release|Any CPU
		{7C2D8470-A07E-4B02-A99D-CAE92437C7C8}.AppStore|iPhone.ActiveCfg = Release|Any CPU
		{7C2D8470-A07E-4B02-A99D-CAE92437C7C8}.AppStore|iPhone.Build.0 = Release|Any CPU
		{7C2D8470-A07E-4B02-A99D-CAE92437C7C8}.AppStore|iPhoneSimulator.ActiveCfg = Release|Any CPU
		{7C2D8470-A07E-4B02-A99D-CAE92437C7C8}.AppStore|iPhoneSimulator.Build.0 = Release|Any CPU
		{7C2D8470-A07E-4B02-A99D-CAE92437C7C8}.Debug|Any CPU.ActiveCfg = Debug|Any CPU
		{7C2D8470-A07E-4B02-A99D-CAE92437C7C8}.Debug|Any CPU.Build.0 = Debug|Any CPU
		{7C2D8470-A07E-4B02-A99D-CAE92437C7C8}.Debug|iPhone.ActiveCfg = Debug|Any CPU
		{7C2D8470-A07E-4B02-A99D-CAE92437C7C8}.Debug|iPhone.Build.0 = Debug|Any CPU
		{7C2D8470-A07E-4B02-A99D-CAE92437C7C8}.Debug|iPhoneSimulator.ActiveCfg = Debug|Any CPU
		{7C2D8470-A07E-4B02-A99D-CAE92437C7C8}.Debug|iPhoneSimulator.Build.0 = Debug|Any CPU
		{7C2D8470-A07E-4B02-A99D-CAE92437C7C8}.Release|Any CPU.ActiveCfg = Release|Any CPU
		{7C2D8470-A07E-4B02-A99D-CAE92437C7C8}.Release|Any CPU.Build.0 = Release|Any CPU
		{7C2D8470-A07E-4B02-A99D-CAE92437C7C8}.Release|iPhone.ActiveCfg = Release|Any CPU
		{7C2D8470-A07E-4B02-A99D-CAE92437C7C8}.Release|iPhone.Build.0 = Release|Any CPU
		{7C2D8470-A07E-4B02-A99D-CAE92437C7C8}.Release|iPhoneSimulator.ActiveCfg = Release|Any CPU
		{7C2D8470-A07E-4B02-A99D-CAE92437C7C8}.Release|iPhoneSimulator.Build.0 = Release|Any CPU
		{093693C1-07FC-4165-AF10-00F3DF584613}.Ad-Hoc|Any CPU.ActiveCfg = Release|Any CPU
		{093693C1-07FC-4165-AF10-00F3DF584613}.Ad-Hoc|Any CPU.Build.0 = Release|Any CPU
		{093693C1-07FC-4165-AF10-00F3DF584613}.Ad-Hoc|iPhone.ActiveCfg = Release|Any CPU
		{093693C1-07FC-4165-AF10-00F3DF584613}.Ad-Hoc|iPhone.Build.0 = Release|Any CPU
		{093693C1-07FC-4165-AF10-00F3DF584613}.Ad-Hoc|iPhoneSimulator.ActiveCfg = Release|Any CPU
		{093693C1-07FC-4165-AF10-00F3DF584613}.Ad-Hoc|iPhoneSimulator.Build.0 = Release|Any CPU
		{093693C1-07FC-4165-AF10-00F3DF584613}.AppStore|Any CPU.ActiveCfg = Release|Any CPU
		{093693C1-07FC-4165-AF10-00F3DF584613}.AppStore|Any CPU.Build.0 = Release|Any CPU
		{093693C1-07FC-4165-AF10-00F3DF584613}.AppStore|iPhone.ActiveCfg = Release|Any CPU
		{093693C1-07FC-4165-AF10-00F3DF584613}.AppStore|iPhone.Build.0 = Release|Any CPU
		{093693C1-07FC-4165-AF10-00F3DF584613}.AppStore|iPhoneSimulator.ActiveCfg = Release|Any CPU
		{093693C1-07FC-4165-AF10-00F3DF584613}.AppStore|iPhoneSimulator.Build.0 = Release|Any CPU
		{093693C1-07FC-4165-AF10-00F3DF584613}.Debug|Any CPU.ActiveCfg = Debug|Any CPU
		{093693C1-07FC-4165-AF10-00F3DF584613}.Debug|Any CPU.Build.0 = Debug|Any CPU
		{093693C1-07FC-4165-AF10-00F3DF584613}.Debug|iPhone.ActiveCfg = Debug|Any CPU
		{093693C1-07FC-4165-AF10-00F3DF584613}.Debug|iPhone.Build.0 = Debug|Any CPU
		{093693C1-07FC-4165-AF10-00F3DF584613}.Debug|iPhoneSimulator.ActiveCfg = Debug|Any CPU
		{093693C1-07FC-4165-AF10-00F3DF584613}.Debug|iPhoneSimulator.Build.0 = Debug|Any CPU
		{093693C1-07FC-4165-AF10-00F3DF584613}.Release|Any CPU.ActiveCfg = Release|Any CPU
		{093693C1-07FC-4165-AF10-00F3DF584613}.Release|Any CPU.Build.0 = Release|Any CPU
		{093693C1-07FC-4165-AF10-00F3DF584613}.Release|iPhone.ActiveCfg = Release|Any CPU
		{093693C1-07FC-4165-AF10-00F3DF584613}.Release|iPhone.Build.0 = Release|Any CPU
		{093693C1-07FC-4165-AF10-00F3DF584613}.Release|iPhoneSimulator.ActiveCfg = Release|Any CPU
		{093693C1-07FC-4165-AF10-00F3DF584613}.Release|iPhoneSimulator.Build.0 = Release|Any CPU
		{B0E2FB75-06DD-42EA-9BAD-8E78ABDB8A7D}.Ad-Hoc|Any CPU.ActiveCfg = Release|Any CPU
		{B0E2FB75-06DD-42EA-9BAD-8E78ABDB8A7D}.Ad-Hoc|Any CPU.Build.0 = Release|Any CPU
		{B0E2FB75-06DD-42EA-9BAD-8E78ABDB8A7D}.Ad-Hoc|iPhone.ActiveCfg = Release|Any CPU
		{B0E2FB75-06DD-42EA-9BAD-8E78ABDB8A7D}.Ad-Hoc|iPhone.Build.0 = Release|Any CPU
		{B0E2FB75-06DD-42EA-9BAD-8E78ABDB8A7D}.Ad-Hoc|iPhoneSimulator.ActiveCfg = Release|Any CPU
		{B0E2FB75-06DD-42EA-9BAD-8E78ABDB8A7D}.Ad-Hoc|iPhoneSimulator.Build.0 = Release|Any CPU
		{B0E2FB75-06DD-42EA-9BAD-8E78ABDB8A7D}.AppStore|Any CPU.ActiveCfg = Release|Any CPU
		{B0E2FB75-06DD-42EA-9BAD-8E78ABDB8A7D}.AppStore|Any CPU.Build.0 = Release|Any CPU
		{B0E2FB75-06DD-42EA-9BAD-8E78ABDB8A7D}.AppStore|iPhone.ActiveCfg = Release|Any CPU
		{B0E2FB75-06DD-42EA-9BAD-8E78ABDB8A7D}.AppStore|iPhone.Build.0 = Release|Any CPU
		{B0E2FB75-06DD-42EA-9BAD-8E78ABDB8A7D}.AppStore|iPhoneSimulator.ActiveCfg = Release|Any CPU
		{B0E2FB75-06DD-42EA-9BAD-8E78ABDB8A7D}.AppStore|iPhoneSimulator.Build.0 = Release|Any CPU
		{B0E2FB75-06DD-42EA-9BAD-8E78ABDB8A7D}.Debug|Any CPU.ActiveCfg = Debug|Any CPU
		{B0E2FB75-06DD-42EA-9BAD-8E78ABDB8A7D}.Debug|Any CPU.Build.0 = Debug|Any CPU
		{B0E2FB75-06DD-42EA-9BAD-8E78ABDB8A7D}.Debug|iPhone.ActiveCfg = Debug|Any CPU
		{B0E2FB75-06DD-42EA-9BAD-8E78ABDB8A7D}.Debug|iPhone.Build.0 = Debug|Any CPU
		{B0E2FB75-06DD-42EA-9BAD-8E78ABDB8A7D}.Debug|iPhoneSimulator.ActiveCfg = Debug|Any CPU
		{B0E2FB75-06DD-42EA-9BAD-8E78ABDB8A7D}.Debug|iPhoneSimulator.Build.0 = Debug|Any CPU
		{B0E2FB75-06DD-42EA-9BAD-8E78ABDB8A7D}.Release|Any CPU.ActiveCfg = Release|Any CPU
		{B0E2FB75-06DD-42EA-9BAD-8E78ABDB8A7D}.Release|Any CPU.Build.0 = Release|Any CPU
		{B0E2FB75-06DD-42EA-9BAD-8E78ABDB8A7D}.Release|iPhone.ActiveCfg = Release|Any CPU
		{B0E2FB75-06DD-42EA-9BAD-8E78ABDB8A7D}.Release|iPhone.Build.0 = Release|Any CPU
		{B0E2FB75-06DD-42EA-9BAD-8E78ABDB8A7D}.Release|iPhoneSimulator.ActiveCfg = Release|Any CPU
		{B0E2FB75-06DD-42EA-9BAD-8E78ABDB8A7D}.Release|iPhoneSimulator.Build.0 = Release|Any CPU
		{F39C3344-9482-46B9-814B-A07351B12BCA}.Ad-Hoc|Any CPU.ActiveCfg = Release|Any CPU
		{F39C3344-9482-46B9-814B-A07351B12BCA}.Ad-Hoc|Any CPU.Build.0 = Release|Any CPU
		{F39C3344-9482-46B9-814B-A07351B12BCA}.Ad-Hoc|iPhone.ActiveCfg = Release|Any CPU
		{F39C3344-9482-46B9-814B-A07351B12BCA}.Ad-Hoc|iPhone.Build.0 = Release|Any CPU
		{F39C3344-9482-46B9-814B-A07351B12BCA}.Ad-Hoc|iPhoneSimulator.ActiveCfg = Release|Any CPU
		{F39C3344-9482-46B9-814B-A07351B12BCA}.Ad-Hoc|iPhoneSimulator.Build.0 = Release|Any CPU
		{F39C3344-9482-46B9-814B-A07351B12BCA}.AppStore|Any CPU.ActiveCfg = Release|Any CPU
		{F39C3344-9482-46B9-814B-A07351B12BCA}.AppStore|Any CPU.Build.0 = Release|Any CPU
		{F39C3344-9482-46B9-814B-A07351B12BCA}.AppStore|iPhone.ActiveCfg = Release|Any CPU
		{F39C3344-9482-46B9-814B-A07351B12BCA}.AppStore|iPhone.Build.0 = Release|Any CPU
		{F39C3344-9482-46B9-814B-A07351B12BCA}.AppStore|iPhoneSimulator.ActiveCfg = Release|Any CPU
		{F39C3344-9482-46B9-814B-A07351B12BCA}.AppStore|iPhoneSimulator.Build.0 = Release|Any CPU
		{F39C3344-9482-46B9-814B-A07351B12BCA}.Debug|Any CPU.ActiveCfg = Debug|Any CPU
		{F39C3344-9482-46B9-814B-A07351B12BCA}.Debug|Any CPU.Build.0 = Debug|Any CPU
		{F39C3344-9482-46B9-814B-A07351B12BCA}.Debug|iPhone.ActiveCfg = Debug|Any CPU
		{F39C3344-9482-46B9-814B-A07351B12BCA}.Debug|iPhone.Build.0 = Debug|Any CPU
		{F39C3344-9482-46B9-814B-A07351B12BCA}.Debug|iPhoneSimulator.ActiveCfg = Debug|Any CPU
		{F39C3344-9482-46B9-814B-A07351B12BCA}.Debug|iPhoneSimulator.Build.0 = Debug|Any CPU
		{F39C3344-9482-46B9-814B-A07351B12BCA}.Release|Any CPU.ActiveCfg = Release|Any CPU
		{F39C3344-9482-46B9-814B-A07351B12BCA}.Release|Any CPU.Build.0 = Release|Any CPU
		{F39C3344-9482-46B9-814B-A07351B12BCA}.Release|iPhone.ActiveCfg = Release|Any CPU
		{F39C3344-9482-46B9-814B-A07351B12BCA}.Release|iPhone.Build.0 = Release|Any CPU
		{F39C3344-9482-46B9-814B-A07351B12BCA}.Release|iPhoneSimulator.ActiveCfg = Release|Any CPU
		{F39C3344-9482-46B9-814B-A07351B12BCA}.Release|iPhoneSimulator.Build.0 = Release|Any CPU
		{4638C36B-9690-47DA-99CD-367BAB0943FD}.Ad-Hoc|Any CPU.ActiveCfg = Release|Any CPU
		{4638C36B-9690-47DA-99CD-367BAB0943FD}.Ad-Hoc|Any CPU.Build.0 = Release|Any CPU
		{4638C36B-9690-47DA-99CD-367BAB0943FD}.Ad-Hoc|iPhone.ActiveCfg = Release|Any CPU
		{4638C36B-9690-47DA-99CD-367BAB0943FD}.Ad-Hoc|iPhone.Build.0 = Release|Any CPU
		{4638C36B-9690-47DA-99CD-367BAB0943FD}.Ad-Hoc|iPhoneSimulator.ActiveCfg = Release|Any CPU
		{4638C36B-9690-47DA-99CD-367BAB0943FD}.Ad-Hoc|iPhoneSimulator.Build.0 = Release|Any CPU
		{4638C36B-9690-47DA-99CD-367BAB0943FD}.AppStore|Any CPU.ActiveCfg = Release|Any CPU
		{4638C36B-9690-47DA-99CD-367BAB0943FD}.AppStore|Any CPU.Build.0 = Release|Any CPU
		{4638C36B-9690-47DA-99CD-367BAB0943FD}.AppStore|iPhone.ActiveCfg = Release|Any CPU
		{4638C36B-9690-47DA-99CD-367BAB0943FD}.AppStore|iPhone.Build.0 = Release|Any CPU
		{4638C36B-9690-47DA-99CD-367BAB0943FD}.AppStore|iPhoneSimulator.ActiveCfg = Release|Any CPU
		{4638C36B-9690-47DA-99CD-367BAB0943FD}.AppStore|iPhoneSimulator.Build.0 = Release|Any CPU
		{4638C36B-9690-47DA-99CD-367BAB0943FD}.Debug|Any CPU.ActiveCfg = Debug|Any CPU
		{4638C36B-9690-47DA-99CD-367BAB0943FD}.Debug|Any CPU.Build.0 = Debug|Any CPU
		{4638C36B-9690-47DA-99CD-367BAB0943FD}.Debug|iPhone.ActiveCfg = Debug|Any CPU
		{4638C36B-9690-47DA-99CD-367BAB0943FD}.Debug|iPhone.Build.0 = Debug|Any CPU
		{4638C36B-9690-47DA-99CD-367BAB0943FD}.Debug|iPhoneSimulator.ActiveCfg = Debug|Any CPU
		{4638C36B-9690-47DA-99CD-367BAB0943FD}.Debug|iPhoneSimulator.Build.0 = Debug|Any CPU
		{4638C36B-9690-47DA-99CD-367BAB0943FD}.Release|Any CPU.ActiveCfg = Release|Any CPU
		{4638C36B-9690-47DA-99CD-367BAB0943FD}.Release|Any CPU.Build.0 = Release|Any CPU
		{4638C36B-9690-47DA-99CD-367BAB0943FD}.Release|iPhone.ActiveCfg = Release|Any CPU
		{4638C36B-9690-47DA-99CD-367BAB0943FD}.Release|iPhone.Build.0 = Release|Any CPU
		{4638C36B-9690-47DA-99CD-367BAB0943FD}.Release|iPhoneSimulator.ActiveCfg = Release|Any CPU
		{4638C36B-9690-47DA-99CD-367BAB0943FD}.Release|iPhoneSimulator.Build.0 = Release|Any CPU
		{8B60304C-C123-4259-BCB0-4709C3556C06}.Ad-Hoc|Any CPU.ActiveCfg = Release|Any CPU
		{8B60304C-C123-4259-BCB0-4709C3556C06}.Ad-Hoc|Any CPU.Build.0 = Release|Any CPU
		{8B60304C-C123-4259-BCB0-4709C3556C06}.Ad-Hoc|iPhone.ActiveCfg = Release|Any CPU
		{8B60304C-C123-4259-BCB0-4709C3556C06}.Ad-Hoc|iPhone.Build.0 = Release|Any CPU
		{8B60304C-C123-4259-BCB0-4709C3556C06}.Ad-Hoc|iPhoneSimulator.ActiveCfg = Release|Any CPU
		{8B60304C-C123-4259-BCB0-4709C3556C06}.Ad-Hoc|iPhoneSimulator.Build.0 = Release|Any CPU
		{8B60304C-C123-4259-BCB0-4709C3556C06}.AppStore|Any CPU.ActiveCfg = Release|Any CPU
		{8B60304C-C123-4259-BCB0-4709C3556C06}.AppStore|Any CPU.Build.0 = Release|Any CPU
		{8B60304C-C123-4259-BCB0-4709C3556C06}.AppStore|iPhone.ActiveCfg = Release|Any CPU
		{8B60304C-C123-4259-BCB0-4709C3556C06}.AppStore|iPhone.Build.0 = Release|Any CPU
		{8B60304C-C123-4259-BCB0-4709C3556C06}.AppStore|iPhoneSimulator.ActiveCfg = Release|Any CPU
		{8B60304C-C123-4259-BCB0-4709C3556C06}.AppStore|iPhoneSimulator.Build.0 = Release|Any CPU
		{8B60304C-C123-4259-BCB0-4709C3556C06}.Debug|Any CPU.ActiveCfg = Debug|Any CPU
		{8B60304C-C123-4259-BCB0-4709C3556C06}.Debug|Any CPU.Build.0 = Debug|Any CPU
		{8B60304C-C123-4259-BCB0-4709C3556C06}.Debug|iPhone.ActiveCfg = Debug|Any CPU
		{8B60304C-C123-4259-BCB0-4709C3556C06}.Debug|iPhone.Build.0 = Debug|Any CPU
		{8B60304C-C123-4259-BCB0-4709C3556C06}.Debug|iPhoneSimulator.ActiveCfg = Debug|Any CPU
		{8B60304C-C123-4259-BCB0-4709C3556C06}.Debug|iPhoneSimulator.Build.0 = Debug|Any CPU
		{8B60304C-C123-4259-BCB0-4709C3556C06}.Release|Any CPU.ActiveCfg = Release|Any CPU
		{8B60304C-C123-4259-BCB0-4709C3556C06}.Release|Any CPU.Build.0 = Release|Any CPU
		{8B60304C-C123-4259-BCB0-4709C3556C06}.Release|iPhone.ActiveCfg = Release|Any CPU
		{8B60304C-C123-4259-BCB0-4709C3556C06}.Release|iPhone.Build.0 = Release|Any CPU
		{8B60304C-C123-4259-BCB0-4709C3556C06}.Release|iPhoneSimulator.ActiveCfg = Release|Any CPU
		{8B60304C-C123-4259-BCB0-4709C3556C06}.Release|iPhoneSimulator.Build.0 = Release|Any CPU
		{BA08F275-F9A5-4D4D-9766-7C75E4E42259}.Ad-Hoc|Any CPU.ActiveCfg = Release|Any CPU
		{BA08F275-F9A5-4D4D-9766-7C75E4E42259}.Ad-Hoc|Any CPU.Build.0 = Release|Any CPU
		{BA08F275-F9A5-4D4D-9766-7C75E4E42259}.Ad-Hoc|Any CPU.Deploy.0 = Release|Any CPU
		{BA08F275-F9A5-4D4D-9766-7C75E4E42259}.Ad-Hoc|iPhone.ActiveCfg = Release|Any CPU
		{BA08F275-F9A5-4D4D-9766-7C75E4E42259}.Ad-Hoc|iPhone.Build.0 = Release|Any CPU
		{BA08F275-F9A5-4D4D-9766-7C75E4E42259}.Ad-Hoc|iPhone.Deploy.0 = Release|Any CPU
		{BA08F275-F9A5-4D4D-9766-7C75E4E42259}.Ad-Hoc|iPhoneSimulator.ActiveCfg = Release|Any CPU
		{BA08F275-F9A5-4D4D-9766-7C75E4E42259}.Ad-Hoc|iPhoneSimulator.Build.0 = Release|Any CPU
		{BA08F275-F9A5-4D4D-9766-7C75E4E42259}.Ad-Hoc|iPhoneSimulator.Deploy.0 = Release|Any CPU
		{BA08F275-F9A5-4D4D-9766-7C75E4E42259}.AppStore|Any CPU.ActiveCfg = Release|Any CPU
		{BA08F275-F9A5-4D4D-9766-7C75E4E42259}.AppStore|Any CPU.Build.0 = Release|Any CPU
		{BA08F275-F9A5-4D4D-9766-7C75E4E42259}.AppStore|Any CPU.Deploy.0 = Release|Any CPU
		{BA08F275-F9A5-4D4D-9766-7C75E4E42259}.AppStore|iPhone.ActiveCfg = Release|Any CPU
		{BA08F275-F9A5-4D4D-9766-7C75E4E42259}.AppStore|iPhone.Build.0 = Release|Any CPU
		{BA08F275-F9A5-4D4D-9766-7C75E4E42259}.AppStore|iPhone.Deploy.0 = Release|Any CPU
		{BA08F275-F9A5-4D4D-9766-7C75E4E42259}.AppStore|iPhoneSimulator.ActiveCfg = Release|Any CPU
		{BA08F275-F9A5-4D4D-9766-7C75E4E42259}.AppStore|iPhoneSimulator.Build.0 = Release|Any CPU
		{BA08F275-F9A5-4D4D-9766-7C75E4E42259}.AppStore|iPhoneSimulator.Deploy.0 = Release|Any CPU
		{BA08F275-F9A5-4D4D-9766-7C75E4E42259}.Debug|Any CPU.ActiveCfg = Debug|Any CPU
		{BA08F275-F9A5-4D4D-9766-7C75E4E42259}.Debug|Any CPU.Build.0 = Debug|Any CPU
		{BA08F275-F9A5-4D4D-9766-7C75E4E42259}.Debug|Any CPU.Deploy.0 = Debug|Any CPU
		{BA08F275-F9A5-4D4D-9766-7C75E4E42259}.Debug|iPhone.ActiveCfg = Debug|Any CPU
		{BA08F275-F9A5-4D4D-9766-7C75E4E42259}.Debug|iPhone.Build.0 = Debug|Any CPU
		{BA08F275-F9A5-4D4D-9766-7C75E4E42259}.Debug|iPhone.Deploy.0 = Debug|Any CPU
		{BA08F275-F9A5-4D4D-9766-7C75E4E42259}.Debug|iPhoneSimulator.ActiveCfg = Debug|Any CPU
		{BA08F275-F9A5-4D4D-9766-7C75E4E42259}.Debug|iPhoneSimulator.Build.0 = Debug|Any CPU
		{BA08F275-F9A5-4D4D-9766-7C75E4E42259}.Debug|iPhoneSimulator.Deploy.0 = Debug|Any CPU
		{BA08F275-F9A5-4D4D-9766-7C75E4E42259}.Release|Any CPU.ActiveCfg = Release|Any CPU
		{BA08F275-F9A5-4D4D-9766-7C75E4E42259}.Release|Any CPU.Build.0 = Release|Any CPU
		{BA08F275-F9A5-4D4D-9766-7C75E4E42259}.Release|Any CPU.Deploy.0 = Release|Any CPU
		{BA08F275-F9A5-4D4D-9766-7C75E4E42259}.Release|iPhone.ActiveCfg = Release|Any CPU
		{BA08F275-F9A5-4D4D-9766-7C75E4E42259}.Release|iPhone.Build.0 = Release|Any CPU
		{BA08F275-F9A5-4D4D-9766-7C75E4E42259}.Release|iPhone.Deploy.0 = Release|Any CPU
		{BA08F275-F9A5-4D4D-9766-7C75E4E42259}.Release|iPhoneSimulator.ActiveCfg = Release|Any CPU
		{BA08F275-F9A5-4D4D-9766-7C75E4E42259}.Release|iPhoneSimulator.Build.0 = Release|Any CPU
		{BA08F275-F9A5-4D4D-9766-7C75E4E42259}.Release|iPhoneSimulator.Deploy.0 = Release|Any CPU
		{5C1B5BDD-1DEF-47FE-BB35-A7D3248CE034}.Ad-Hoc|Any CPU.ActiveCfg = Debug|Any CPU
		{5C1B5BDD-1DEF-47FE-BB35-A7D3248CE034}.Ad-Hoc|Any CPU.Build.0 = Debug|Any CPU
		{5C1B5BDD-1DEF-47FE-BB35-A7D3248CE034}.Ad-Hoc|iPhone.ActiveCfg = Debug|Any CPU
		{5C1B5BDD-1DEF-47FE-BB35-A7D3248CE034}.Ad-Hoc|iPhone.Build.0 = Debug|Any CPU
		{5C1B5BDD-1DEF-47FE-BB35-A7D3248CE034}.Ad-Hoc|iPhoneSimulator.ActiveCfg = Debug|Any CPU
		{5C1B5BDD-1DEF-47FE-BB35-A7D3248CE034}.Ad-Hoc|iPhoneSimulator.Build.0 = Debug|Any CPU
		{5C1B5BDD-1DEF-47FE-BB35-A7D3248CE034}.AppStore|Any CPU.ActiveCfg = Debug|Any CPU
		{5C1B5BDD-1DEF-47FE-BB35-A7D3248CE034}.AppStore|Any CPU.Build.0 = Debug|Any CPU
		{5C1B5BDD-1DEF-47FE-BB35-A7D3248CE034}.AppStore|iPhone.ActiveCfg = Debug|Any CPU
		{5C1B5BDD-1DEF-47FE-BB35-A7D3248CE034}.AppStore|iPhone.Build.0 = Debug|Any CPU
		{5C1B5BDD-1DEF-47FE-BB35-A7D3248CE034}.AppStore|iPhoneSimulator.ActiveCfg = Debug|Any CPU
		{5C1B5BDD-1DEF-47FE-BB35-A7D3248CE034}.AppStore|iPhoneSimulator.Build.0 = Debug|Any CPU
		{5C1B5BDD-1DEF-47FE-BB35-A7D3248CE034}.Debug|Any CPU.ActiveCfg = Debug|Any CPU
		{5C1B5BDD-1DEF-47FE-BB35-A7D3248CE034}.Debug|Any CPU.Build.0 = Debug|Any CPU
		{5C1B5BDD-1DEF-47FE-BB35-A7D3248CE034}.Debug|iPhone.ActiveCfg = Debug|Any CPU
		{5C1B5BDD-1DEF-47FE-BB35-A7D3248CE034}.Debug|iPhone.Build.0 = Debug|Any CPU
		{5C1B5BDD-1DEF-47FE-BB35-A7D3248CE034}.Debug|iPhoneSimulator.ActiveCfg = Debug|Any CPU
		{5C1B5BDD-1DEF-47FE-BB35-A7D3248CE034}.Debug|iPhoneSimulator.Build.0 = Debug|Any CPU
		{5C1B5BDD-1DEF-47FE-BB35-A7D3248CE034}.Release|Any CPU.ActiveCfg = Release|Any CPU
		{5C1B5BDD-1DEF-47FE-BB35-A7D3248CE034}.Release|Any CPU.Build.0 = Release|Any CPU
		{5C1B5BDD-1DEF-47FE-BB35-A7D3248CE034}.Release|iPhone.ActiveCfg = Release|Any CPU
		{5C1B5BDD-1DEF-47FE-BB35-A7D3248CE034}.Release|iPhone.Build.0 = Release|Any CPU
		{5C1B5BDD-1DEF-47FE-BB35-A7D3248CE034}.Release|iPhoneSimulator.ActiveCfg = Release|Any CPU
		{5C1B5BDD-1DEF-47FE-BB35-A7D3248CE034}.Release|iPhoneSimulator.Build.0 = Release|Any CPU
		{7DD4C5FE-E1F5-47EC-92FA-A715552FC50B}.Ad-Hoc|Any CPU.ActiveCfg = Debug|Any CPU
		{7DD4C5FE-E1F5-47EC-92FA-A715552FC50B}.Ad-Hoc|Any CPU.Build.0 = Debug|Any CPU
		{7DD4C5FE-E1F5-47EC-92FA-A715552FC50B}.Ad-Hoc|iPhone.ActiveCfg = Debug|Any CPU
		{7DD4C5FE-E1F5-47EC-92FA-A715552FC50B}.Ad-Hoc|iPhone.Build.0 = Debug|Any CPU
		{7DD4C5FE-E1F5-47EC-92FA-A715552FC50B}.Ad-Hoc|iPhoneSimulator.ActiveCfg = Debug|Any CPU
		{7DD4C5FE-E1F5-47EC-92FA-A715552FC50B}.Ad-Hoc|iPhoneSimulator.Build.0 = Debug|Any CPU
		{7DD4C5FE-E1F5-47EC-92FA-A715552FC50B}.AppStore|Any CPU.ActiveCfg = Debug|Any CPU
		{7DD4C5FE-E1F5-47EC-92FA-A715552FC50B}.AppStore|Any CPU.Build.0 = Debug|Any CPU
		{7DD4C5FE-E1F5-47EC-92FA-A715552FC50B}.AppStore|iPhone.ActiveCfg = Debug|Any CPU
		{7DD4C5FE-E1F5-47EC-92FA-A715552FC50B}.AppStore|iPhone.Build.0 = Debug|Any CPU
		{7DD4C5FE-E1F5-47EC-92FA-A715552FC50B}.AppStore|iPhoneSimulator.ActiveCfg = Debug|Any CPU
		{7DD4C5FE-E1F5-47EC-92FA-A715552FC50B}.AppStore|iPhoneSimulator.Build.0 = Debug|Any CPU
		{7DD4C5FE-E1F5-47EC-92FA-A715552FC50B}.Debug|Any CPU.ActiveCfg = Debug|Any CPU
		{7DD4C5FE-E1F5-47EC-92FA-A715552FC50B}.Debug|Any CPU.Build.0 = Debug|Any CPU
		{7DD4C5FE-E1F5-47EC-92FA-A715552FC50B}.Debug|iPhone.ActiveCfg = Debug|Any CPU
		{7DD4C5FE-E1F5-47EC-92FA-A715552FC50B}.Debug|iPhone.Build.0 = Debug|Any CPU
		{7DD4C5FE-E1F5-47EC-92FA-A715552FC50B}.Debug|iPhoneSimulator.ActiveCfg = Debug|Any CPU
		{7DD4C5FE-E1F5-47EC-92FA-A715552FC50B}.Debug|iPhoneSimulator.Build.0 = Debug|Any CPU
		{7DD4C5FE-E1F5-47EC-92FA-A715552FC50B}.Release|Any CPU.ActiveCfg = Release|Any CPU
		{7DD4C5FE-E1F5-47EC-92FA-A715552FC50B}.Release|Any CPU.Build.0 = Release|Any CPU
		{7DD4C5FE-E1F5-47EC-92FA-A715552FC50B}.Release|iPhone.ActiveCfg = Release|Any CPU
		{7DD4C5FE-E1F5-47EC-92FA-A715552FC50B}.Release|iPhone.Build.0 = Release|Any CPU
		{7DD4C5FE-E1F5-47EC-92FA-A715552FC50B}.Release|iPhoneSimulator.ActiveCfg = Release|Any CPU
		{7DD4C5FE-E1F5-47EC-92FA-A715552FC50B}.Release|iPhoneSimulator.Build.0 = Release|Any CPU
	EndGlobalSection
	GlobalSection(SolutionProperties) = preSolution
		HideSolutionNode = FALSE
	EndGlobalSection
	GlobalSection(NestedProjects) = preSolution
		{49E2C204-5BB9-48D4-971E-D2F2FA2E730B} = {B284CC8E-7773-48E3-9070-438CD5E1676D}
		{EA873F85-0970-4D7E-BA1E-B7BB0C2039F9} = {B284CC8E-7773-48E3-9070-438CD5E1676D}
		{7C2D8470-A07E-4B02-A99D-CAE92437C7C8} = {A148352B-ABF5-4843-B207-832E1D713231}
		{093693C1-07FC-4165-AF10-00F3DF584613} = {A148352B-ABF5-4843-B207-832E1D713231}
		{B0E2FB75-06DD-42EA-9BAD-8E78ABDB8A7D} = {5F3204D3-CEBC-4E63-A223-3F17BCB53CF2}
		{F39C3344-9482-46B9-814B-A07351B12BCA} = {5F3204D3-CEBC-4E63-A223-3F17BCB53CF2}
		{4638C36B-9690-47DA-99CD-367BAB0943FD} = {A148352B-ABF5-4843-B207-832E1D713231}
		{8B60304C-C123-4259-BCB0-4709C3556C06} = {F4668A1A-E9C0-4837-ACD6-70BEAA0E250D}
		{BA08F275-F9A5-4D4D-9766-7C75E4E42259} = {B284CC8E-7773-48E3-9070-438CD5E1676D}
		{5C1B5BDD-1DEF-47FE-BB35-A7D3248CE034} = {5F3204D3-CEBC-4E63-A223-3F17BCB53CF2}
		{7DD4C5FE-E1F5-47EC-92FA-A715552FC50B} = {F4668A1A-E9C0-4837-ACD6-70BEAA0E250D}
	EndGlobalSection
	GlobalSection(ExtensibilityGlobals) = postSolution
		SolutionGuid = {C94D5B57-763F-4DCC-81D6-A90F0FCC5B5D}
	EndGlobalSection
EndGlobal
